# @generated - this file is auto-generated by `mise lock` https://mise.jdx.dev/dev-tools/mise-lock.html

[conda-packages.linux-x64."_openmp_mutex-4.5-20_gnu"]
url = "https://conda.anaconda.org/conda-forge/linux-64/_openmp_mutex-4.5-20_gnu.conda"
checksum = "sha256:1dd3fffd892081df9726d7eb7e0dea6198962ba775bd88842135a4ddb4deb3c9"

[conda-packages.linux-x64."binutils-2.46.1-default_h4852527_102"]
url = "https://conda.anaconda.org/conda-forge/linux-64/binutils-2.46.1-default_h4852527_102.conda"
checksum = "sha256:659c367ef49df7741749a2ad240b007d7df51b4f210505a78543deafb001e44c"

[conda-packages.linux-x64."binutils_impl_linux-64-2.46.1-default_hfdba357_102"]
url = "https://conda.anaconda.org/conda-forge/linux-64/binutils_impl_linux-64-2.46.1-default_hfdba357_102.conda"
checksum = "sha256:fb7bf36984a37ce7e4714d1d1da0bd0e3bfc679520f5cdc184afc676fd4b5da2"

[conda-packages.linux-x64."clang-23-23.1.2-default_hfab3205_0"]
url = "https://conda.anaconda.org/conda-forge/linux-64/clang-23-23.1.2-default_hfab3205_0.conda"
checksum = "sha256:86a6c2e8d77a1c07905623c4decaa2304a27a55ea7fa39a2ce338f911104f799"

[conda-packages.linux-x64."clang_impl_linux-64-23.1.2-default_he0f7a93_0"]
url = "https://conda.anaconda.org/conda-forge/linux-64/clang_impl_linux-64-23.1.2-default_he0f7a93_0.conda"
checksum = "sha256:c88b4669209d93a93738ba7a1c59518a2cbefd9498dbfc873e9f5ce2fbc7991a"

[conda-packages.linux-x64."compiler-rt-23.1.2-ha770c72_0"]
url = "https://conda.anaconda.org/conda-forge/linux-64/compiler-rt-23.1.2-ha770c72_0.conda"
checksum = "sha256:11b5fcbfdc088c370c5120ac758593905aca71ac2b511912fc60d9e6595bb709"

[conda-packages.linux-x64."compiler-rt23-23.1.2-h7148c6a_0"]
url = "https://conda.anaconda.org/conda-forge/linux-64/compiler-rt23-23.1.2-h7148c6a_0.conda"
checksum = "sha256:3b59755649409e7d61a92233ba1be11880c1d7071796ef8713f4f8be2f3aa645"

[conda-packages.linux-x64."compiler-rt23_linux-64-23.1.2-h0e38de2_0"]
url = "https://conda.anaconda.org/conda-forge/noarch/compiler-rt23_linux-64-23.1.2-h0e38de2_0.conda"
checksum = "sha256:8ab3d19a6d833a9d98a559d40a2e9f07eea353d5501c2610417f53102391bf8c"

[conda-packages.linux-x64."compiler-rt_linux-64-23.1.2-ha770c72_0"]
url = "https://conda.anaconda.org/conda-forge/noarch/compiler-rt_linux-64-23.1.2-ha770c72_0.conda"
checksum = "sha256:1365a5fff5c9463b09586ed4cd0b03864083fde070bbbe5320d4ddf70d648ebe"

[conda-packages.linux-x64."kernel-headers_linux-64-6.12.0-he073ed8_6"]
url = "https://conda.anaconda.org/conda-forge/noarch/kernel-headers_linux-64-6.12.0-he073ed8_6.conda"
checksum = "sha256:73b11f31db6c9ebe63d900334fa4f46859aa1ddd8f37cfa5f25a043e0a59253c"

[conda-packages.linux-x64."ld_impl_linux-64-2.46.1-default_hbd61a6d_102"]
url = "https://conda.anaconda.org/conda-forge/linux-64/ld_impl_linux-64-2.46.1-default_hbd61a6d_102.conda"
checksum = "sha256:27d83f1188cd19bcb7754a078b3fa7f4cfb8527f8eb2fde54dd01fc529d1adec"

[conda-packages.linux-x64."libclang-cpp23.1-23.1.2-default_h0acdd01_0"]
url = "https://conda.anaconda.org/conda-forge/linux-64/libclang-cpp23.1-23.1.2-default_h0acdd01_0.conda"
checksum = "sha256:49156155d4f0ab4f479bc96d24db2c48c0b6bdb5659135c194f03c289ae2c523"

[conda-packages.linux-x64."libcompiler-rt-23.1.2-h7148c6a_0"]
url = "https://conda.anaconda.org/conda-forge/linux-64/libcompiler-rt-23.1.2-h7148c6a_0.conda"
checksum = "sha256:2b0e6b377b1a429db6a86cad50a07e856a2c6ef748d740a3d59722677376eefd"

[conda-packages.linux-x64."libgcc-16.2.0-ha9f2e26_7"]
url = "https://conda.anaconda.org/conda-forge/linux-64/libgcc-16.2.0-ha9f2e26_7.conda"
checksum = "sha256:e031634c3a928f9594eba868bc46ef5230d6571a364a0c63215b06c4563bfcea"

[conda-packages.linux-x64."libgcc-devel_linux-64-16.2.0-he3ce08f_107"]
url = "https://conda.anaconda.org/conda-forge/noarch/libgcc-devel_linux-64-16.2.0-he3ce08f_107.conda"
checksum = "sha256:f1e7465f6b53f89b325e441c30ad7b19407b051eca556b6d0386ec05513b8e76"

[conda-packages.linux-x64."libgomp-16.2.0-he0feb66_7"]
url = "https://conda.anaconda.org/conda-forge/linux-64/libgomp-16.2.0-he0feb66_7.conda"
checksum = "sha256:92a0bb350c7be6a4eedcb4e111c60aefd176018e6b1c009a6e025dbe9bbcd758"

[conda-packages.linux-x64."libiconv-1.18-h0cb94f2_3"]
url = "https://conda.anaconda.org/conda-forge/linux-64/libiconv-1.18-h0cb94f2_3.conda"
checksum = "sha256:f943117edb9cd4d9c61cc972eee5a34291dc55ea7a6e9e38da104995841cbcb6"

[conda-packages.linux-x64."libllvm23-23.1.3-h474f4eb_0"]
url = "https://conda.anaconda.org/conda-forge/linux-64/libllvm23-23.1.3-h474f4eb_0.conda"
checksum = "sha256:7ce347e2da1502442d4df406101cfaf429927b7a9410badadd3f147d3cbf2d00"

[conda-packages.linux-x64."liblzma-5.8.3-hb03c661_1"]
url = "https://conda.anaconda.org/conda-forge/linux-64/liblzma-5.8.3-hb03c661_1.conda"
checksum = "sha256:9787df8c22a59c9a70d3e5a10db9ad663485e75e9ccc3f09bd092cb7b95e0dab"

[conda-packages.linux-x64."libstdcxx-16.2.0-h934c35e_7"]
url = "https://conda.anaconda.org/conda-forge/linux-64/libstdcxx-16.2.0-h934c35e_7.conda"
checksum = "sha256:fa7018298629fc429971fffd6ecba3d27a7b02e4e890d6a93ea01ffebe8cb745"

[conda-packages.linux-x64."libxml2-16-2.15.4-hbdfff7e_0"]
url = "https://conda.anaconda.org/conda-forge/linux-64/libxml2-16-2.15.4-hbdfff7e_0.conda"
checksum = "sha256:b6f96287c408269f5067bb4f7a61693ff5c856152902362964d9807152b9c146"

[conda-packages.linux-x64."libxml2-2.15.4-ha7a5771_0"]
url = "https://conda.anaconda.org/conda-forge/linux-64/libxml2-2.15.4-ha7a5771_0.conda"
checksum = "sha256:db52c038430a508656530fc7b5650ae3e2629875693a6a256cc48dec203f8bfe"

[conda-packages.linux-x64."libzlib-1.3.2-h25fd6f3_3"]
url = "https://conda.anaconda.org/conda-forge/linux-64/libzlib-1.3.2-h25fd6f3_3.conda"
checksum = "sha256:eb8a0db0aa570124f7d2a93d7c7f596e3390df5e047818d873baad32985fc736"

[conda-packages.linux-x64."llvm-openmp-23.1.3-h7148c6a_0"]
url = "https://conda.anaconda.org/conda-forge/linux-64/llvm-openmp-23.1.3-h7148c6a_0.conda"
checksum = "sha256:684b08c8a127ed0c45e6ab137df7ee5c8fc76643099b62d97fc1575de6f4e29e"

[conda-packages.linux-x64."sysroot_linux-64-2.39-hc4b9eeb_6"]
url = "https://conda.anaconda.org/conda-forge/noarch/sysroot_linux-64-2.39-hc4b9eeb_6.conda"
checksum = "sha256:7d235e4337f122f3439d0196e1c1c6e715a5b88fcbf24f944510186c84168e45"

[conda-packages.linux-x64.tzdata-2026c-h151e31d_0]
url = "https://conda.anaconda.org/conda-forge/noarch/tzdata-2026c-h151e31d_0.conda"
checksum = "sha256:b928c30ddcb0e3f544c6eade8352737e6e610e263276b90232db6a578ef899d8"

[conda-packages.linux-x64."zstd-1.5.7-hb78ec9c_7"]
url = "https://conda.anaconda.org/conda-forge/linux-64/zstd-1.5.7-hb78ec9c_7.conda"
checksum = "sha256:47d682b9f6d6ec9eb1a6e6c3e75ea6273e899e78fb7fc59f81d39745009fbc60"

[[tools.actionlint]]
version = "1.7.12"
backend = "aqua:rhysd/actionlint"

[tools.actionlint."platforms.linux-x64"]
checksum = "sha256:8aca8db96f1b94770f1b0d72b6dddcb1ebb8123cb3712530b08cc387b349a3d8"
url = "https://github.com/rhysd/actionlint/releases/download/v1.7.12/actionlint_1.7.12_linux_amd64.tar.gz"
url_api = "https://api.github.com/repos/rhysd/actionlint/releases/assets/384924896"
provenance = "github-attestations"

[[tools."aqua:kubernetes/kubernetes/kube-apiserver"]]
version = "1.36.2"
backend = "aqua:kubernetes/kubernetes/kube-apiserver"

[tools."aqua:kubernetes/kubernetes/kube-apiserver"."platforms.linux-x64"]
checksum = "sha256:6770be17296ef36b656ad84e52b043007fb9a47ba0445c224097323291b1b33b"
url = "https://dl.k8s.io/v1.36.2/bin/linux/amd64/kube-apiserver"

[[tools.clang]]
version = "23.1.2"
backend = "conda:clang"

[tools.clang.options]
channel = "conda-forge"

[tools.clang."platforms.linux-x64"]
checksum = "sha256:ebf8acd24c828fffb3cd66580e534abdd62894a596c60c9f4cbcfb8f899f8627"
url = "https://conda.anaconda.org/conda-forge/linux-64/clang-23.1.2-default_cfg_hc1abcf6_0.conda"
conda_deps = [
    "clang_impl_linux-64-23.1.2-default_he0f7a93_0",
    "clang-23-23.1.2-default_hfab3205_0",
    "compiler-rt-23.1.2-ha770c72_0",
    "compiler-rt_linux-64-23.1.2-ha770c72_0",
    "libclang-cpp23.1-23.1.2-default_h0acdd01_0",
    "compiler-rt23-23.1.2-h7148c6a_0",
    "libcompiler-rt-23.1.2-h7148c6a_0",
    "compiler-rt23_linux-64-23.1.2-h0e38de2_0",
    "llvm-openmp-23.1.3-h7148c6a_0",
    "binutils-2.46.1-default_h4852527_102",
    "libgcc-devel_linux-64-16.2.0-he3ce08f_107",
    "sysroot_linux-64-2.39-hc4b9eeb_6",
    "kernel-headers_linux-64-6.12.0-he073ed8_6",
    "libstdcxx-16.2.0-h934c35e_7",
    "libgcc-16.2.0-ha9f2e26_7",
    "libzlib-1.3.2-h25fd6f3_3",
    "libxml2-16-2.15.4-hbdfff7e_0",
    "libxml2-2.15.4-ha7a5771_0",
    "libllvm23-23.1.3-h474f4eb_0",
    "zstd-1.5.7-hb78ec9c_7",
    "binutils_impl_linux-64-2.46.1-default_hfdba357_102",
    "ld_impl_linux-64-2.46.1-default_hbd61a6d_102",
    "tzdata-2026c-h151e31d_0",
    "_openmp_mutex-4.5-20_gnu",
    "libgomp-16.2.0-he0feb66_7",
    "liblzma-5.8.3-hb03c661_1",
    "libiconv-1.18-h0cb94f2_3",
]

[[tools.claude]]
version = "2.1.292"
backend = "aqua:anthropics/claude-code"

[tools.claude."platforms.linux-x64"]
checksum = "sha256:7045cd790b2c7b8cc6169d061aec7274d37a6a0d8ed318a6ff8868262433b1f9"
url = "https://github.com/anthropics/claude-code/releases/download/v2.1.292/claude-linux-x64.tar.gz"
url_api = "https://api.github.com/repos/anthropics/claude-code/releases/assets/616117246"

[[tools.cocogitto]]
version = "7.0.0"
backend = "aqua:cocogitto/cocogitto"

[tools.cocogitto."platforms.linux-x64"]
checksum = "sha256:e03938ff2c4c86d71c00c0f3284dbbe95c5ca76fe34a51f33e945c23010d59bb"
url = "https://github.com/cocogitto/cocogitto/releases/download/7.0.0/cocogitto-7.0.0-x86_64-unknown-linux-musl.tar.gz"
url_api = "https://api.github.com/repos/cocogitto/cocogitto/releases/assets/366659350"

[[tools.etcd]]
version = "3.5.32"
backend = "aqua:etcd-io/etcd"

[tools.etcd."platforms.linux-x64"]
checksum = "sha256:83532f9290ee89106c4c9d0467220f65623c1faadaab800d727f7beccce4d7dd"
url = "https://github.com/etcd-io/etcd/releases/download/v3.5.32/etcd-v3.5.32-linux-amd64.tar.gz"
url_api = "https://api.github.com/repos/etcd-io/etcd/releases/assets/463597258"

[[tools.gitleaks]]
version = "8.30.1"
backend = "aqua:gitleaks/gitleaks"

[tools.gitleaks."platforms.linux-x64"]
checksum = "sha256:551f6fc83ea457d62a0d98237cbad105af8d557003051f41f3e7ca7b3f2470eb"
url = "https://github.com/gitleaks/gitleaks/releases/download/v8.30.1/gitleaks_8.30.1_linux_x64.tar.gz"
url_api = "https://api.github.com/repos/gitleaks/gitleaks/releases/assets/378332058"

[[tools.go]]
version = "1.27.1"
backend = "core:go"

[tools.go."platforms.linux-x64"]
checksum = "sha256:63d339f0da5ab53635a56f2490a7984dfe12dfcff22ad749f63edaf590168445"
url = "https://dl.google.com/go/go1.27.1.linux-amd64.tar.gz"

[[tools.hadolint]]
version = "2.15.1"
backend = "aqua:hadolint/hadolint"

[tools.hadolint."platforms.linux-x64"]
checksum = "sha256:c7187db94eeeeca956519a6af171adc31453941a1e777961f6e680f697c8c507"
url = "https://github.com/hadolint/hadolint/releases/download/v2.15.1/hadolint-linux-x86_64"
url_api = "https://api.github.com/repos/hadolint/hadolint/releases/assets/496546506"
provenance = "github-attestations"

[[tools.helm]]
version = "4.3.0"
backend = "aqua:helm/helm"

[tools.helm."platforms.linux-x64"]
checksum = "sha256:86584a54def73570558f66f5111cc53dfed56689637ae32c1201205d494f54fb"
url = "https://get.helm.sh/helm-v4.3.0-linux-amd64.tar.gz"

[[tools.kind]]
version = "0.33.0"
backend = "aqua:kubernetes-sigs/kind"

[tools.kind."platforms.linux-x64"]
checksum = "sha256:aee6151561422756b764a4ae28e7f44cda5af5a9eead3cc9985112b1de8d8e0d"
url = "https://github.com/kubernetes-sigs/kind/releases/download/v0.33.0/kind-linux-amd64"
url_api = "https://api.github.com/repos/kubernetes-sigs/kind/releases/assets/531396433"

[[tools.kubectl]]
version = "1.37.1"
backend = "aqua:kubernetes/kubernetes/kubectl"

[tools.kubectl."platforms.linux-x64"]
checksum = "sha256:65691ff77eb6fa44c908b77a1082c9f092c3b9733b5cefabec0d1104890e21a8"
url = "https://dl.k8s.io/v1.37.1/bin/linux/amd64/kubectl"

[[tools.node]]
version = "24.21.0"
backend = "core:node"

[tools.node."platforms.linux-x64"]
checksum = "sha256:6e1db87ef58b8819e5d5402eff1536491b18edd8eb7bee5ef7897876e88dc5ff"
url = "https://nodejs.org/dist/v24.21.0/node-v24.21.0-linux-x64.tar.gz"

[[tools.rtk]]
version = "0.51.0"
backend = "aqua:rtk-ai/rtk"

[tools.rtk."platforms.linux-x64"]
checksum = "sha256:5028d3b19a8f0990d30fec9fbb07e32782bc5698e618fb1861aad8a9ccba4eb5"
url = "https://github.com/rtk-ai/rtk/releases/download/v0.51.0/rtk-x86_64-unknown-linux-musl.tar.gz"
url_api = "https://api.github.com/repos/rtk-ai/rtk/releases/assets/605695141"

[[tools.rust]]
version = "1.99.0"
backend = "core:rust"

[tools.rust.options]
components = "clippy,llvm-tools,rust-src,rustfmt"
profile = "default"

[[tools.task]]
version = "3.54.0"
backend = "aqua:go-task/task"

[tools.task."platforms.linux-x64"]
checksum = "sha256:680859dbb4d881a9c72d4d9a8f510825450849af8567deacd7302c01124416fb"
url = "https://github.com/go-task/task/releases/download/v3.54.0/task_linux_amd64.tar.gz"
url_api = "https://api.github.com/repos/go-task/task/releases/assets/604090073"

[[tools.yarn]]
version = "4.18.1"
backend = "vfox:mise-plugins/vfox-yarn"
